{
  "name": "Novo Netflix",
  "lockfileVersion": 2,
  "requires": true,
  "packages": {
    "": {
      "dependencies": {
        "keen-slider": "^6.6.3"
      }
    },
    "node_modules/keen-slider": {
      "version": "6.6.3",
      "resolved": "https://registry.npmjs.org/keen-slider/-/keen-slider-6.6.3.tgz",
      "integrity": "sha512-IDJh3CNeiCY/0N/ht+4/TUUD0plS064ijO8AcQ2sJXS07PhJOnv7kNUVsQdNh+t8Vmmy3sJ+sHNubSGdrEcMlQ=="
    }
  },
  "dependencies": {
    "keen-slider": {
      "version": "6.6.3",
      "resolved": "https://registry.npmjs.org/keen-slider/-/keen-slider-6.6.3.tgz",
      "integrity": "sha512-IDJh3CNeiCY/0N/ht+4/TUUD0plS064ijO8AcQ2sJXS07PhJOnv7kNUVsQdNh+t8Vmmy3sJ+sHNubSGdrEcMlQ=="
    }
  }
}
